// !$*UTF8*$!
{
	archiveVersion = 1;
	classes = {
	};
	objectVersion = 46;
	objects = {

/* Begin PBXBuildFile section */
		EA248D521A66A84800E4A45F /* SlotBrain.swift in Sources */ = {isa = PBXBuildFile; fileRef = EA248D511A66A84800E4A45F /* SlotBrain.swift */; };
		EA5689021A43990D004A8AB3 /* Factory.swift in Sources */ = {isa = PBXBuildFile; fileRef = EA5689011A43990D004A8AB3 /* Factory.swift */; };
		EA63D6B41A435DDA001B67BD /* Slot.swift in Sources */ = {isa = PBXBuildFile; fileRef = EA63D6B31A435DDA001B67BD /* Slot.swift */; };
		EA908B671A41E5B000FD41A2 /* AppDelegate.swift in Sources */ = {isa = PBXBuildFile; fileRef = EA908B661A41E5B000FD41A2 /* AppDelegate.swift */; };
		EA908B691A41E5B000FD41A2 /* ViewController.swift in Sources */ = {isa = PBXBuildFile; fileRef = EA908B681A41E5B000FD41A2 /* ViewController.swift */; };
		EA908B6C1A41E5B000FD41A2 /* Main.storyboard in Resources */ = {isa = PBXBuildFile; fileRef = EA908B6A1A41E5B000FD41A2 /* Main.storyboard */; };
		EA908B6E1A41E5B000FD41A2 /* Images.xcassets in Resources */ = {isa = PBXBuildFile; fileRef = EA908B6D1A41E5B000FD41A2 /* Images.xcassets */; };
		EA908B711A41E5B000FD41A2 /* LaunchScreen.xib in Resources */ = {isa = PBXBuildFile; fileRef = EA908B6F1A41E5B000FD41A2 /* LaunchScreen.xib */; };
		EA908B7D1A41E5B000FD41A2 /* SlotMachineTests.swift in Sources */ = {isa = PBXBuildFile; fileRef = EA908B7C1A41E5B000FD41A2 /* SlotMachineTests.swift */; };
/* End PBXBuildFile section */

/* Begin PBXContainerItemProxy section */
		EA908B771A41E5B000FD41A2 /* PBXContainerItemProxy */ = {
			isa = PBXContainerItemProxy;
			containerPortal = EA908B591A41E5AF00FD41A2 /* Project object */;
			proxyType = 1;
			remoteGlobalIDString = EA908B601A41E5AF00FD41A2;
			remoteInfo = SlotMachine;
		};
/* End PBXContainerItemProxy section */

/* Begin PBXFileReference section */
		EA248D511A66A84800E4A45F /* SlotBrain.swift */ = {isa = PBXFileReference; fileEncoding = 4; lastKnownFileType = sourcecode.swift; path = SlotBrain.swift; sourceTree = "<group>"; };
		EA5689011A43990D004A8AB3 /* Factory.swift */ = {isa = PBXFileReference; fileEncoding = 4; lastKnownFileType = sourcecode.swift; path = Factory.swift; sourceTree = "<group>"; };
		EA63D6B31A435DDA001B67BD /* Slot.swift */ = {isa = PBXFileReference; fileEncoding = 4; lastKnownFileType = sourcecode.swift; path = Slot.swift; sourceTree = "<group>"; };
		EA908B611A41E5B000FD41A2 /* SlotMachine.app */ = {isa = PBXFileReference; explicitFileType = wrapper.application; includeInIndex = 0; path = SlotMachine.app; sourceTree = BUILT_PRODUCTS_DIR; };
		EA908B651A41E5B000FD41A2 /* Info.plist */ = {isa = PBXFileReference; lastKnownFileType = text.plist.xml; path = Info.plist; sourceTree = "<group>"; };
		EA908B661A41E5B000FD41A2 /* AppDelegate.swift */ = {isa = PBXFileReference; lastKnownFileType = sourcecode.swift; path = AppDelegate.swift; sourceTree = "<group>"; };
		EA908B681A41E5B000FD41A2 /* ViewController.swift */ = {isa = PBXFileReference; lastKnownFileType = sourcecode.swift; path = ViewController.swift; sourceTree = "<group>"; };
		EA908B6B1A41E5B000FD41A2 /* Base */ = {isa = PBXFileReference; lastKnownFileType = file.storyboard; name = Base; path = Base.lproj/Main.storyboard; sourceTree = "<group>"; };
		EA908B6D1A41E5B000FD41A2 /* Images.xcassets */ = {isa = PBXFileReference; lastKnownFileType = folder.assetcatalog; path = Images.xcassets; sourceTree = "<group>"; };
		EA908B701A41E5B000FD41A2 /* Base */ = {isa = PBXFileReference; lastKnownFileType = file.xib; name = Base; path = Base.lproj/LaunchScreen.xib; sourceTree = "<group>"; };
		EA908B761A41E5B000FD41A2 /* SlotMachineTests.xctest */ = {isa = PBXFileReference; explicitFileType = wrapper.cfbundle; includeInIndex = 0; path = SlotMachineTests.xctest; sourceTree = BUILT_PRODUCTS_DIR; };
		EA908B7B1A41E5B000FD41A2 /* Info.plist */ = {isa = PBXFileReference; lastKnownFileType = text.plist.xml; path = Info.plist; sourceTree = "<group>"; };
		EA908B7C1A41E5B000FD41A2 /* SlotMachineTests.swift */ = {isa = PBXFileReference; lastKnownFileType = sourcecode.swift; path = SlotMachineTests.swift; sourceTree = "<group>"; };
/* End PBXFileReference section */

/* Begin PBXFrameworksBuildPhase section */
		EA908B5E1A41E5AF00FD41A2 /* Frameworks */ = {
			isa = PBXFrameworksBuildPhase;
			buildActionMask = 2147483647;
			files = (
			);
			runOnlyForDeploymentPostprocessing = 0;
		};
		EA908B731A41E5B000FD41A2 /* Frameworks */ = {
			isa = PBXFrameworksBuildPhase;
			buildActionMask = 2147483647;
			files = (
			);
			runOnlyForDeploymentPostprocessing = 0;
		};
/* End PBXFrameworksBuildPhase section */

/* Begin PBXGroup section */
		EA908B581A41E5AF00FD41A2 = {
			isa = PBXGroup;
			children = (
				EA908B631A41E5B000FD41A2 /* SlotMachine */,
				EA908B791A41E5B000FD41A2 /* SlotMachineTests */,
				EA908B621A41E5B000FD41A2 /* Products */,
			);
			sourceTree = "<group>";
		};
		EA908B621A41E5B000FD41A2 /* Products */ = {
			isa = PBXGroup;
			children = (
				EA908B611A41E5B000FD41A2 /* SlotMachine.app */,
				EA908B761A41E5B000FD41A2 /* SlotMachineTests.xctest */,
			);
			name = Products;
			sourceTree = "<group>";
		};
		EA908B631A41E5B000FD41A2 /* SlotMachine */ = {
			isa = PBXGroup;
			children = (
				EA908B661A41E5B000FD41A2 /* AppDelegate.swift */,
				EA908B681A41E5B000FD41A2 /* ViewController.swift */,
				EA248D511A66A84800E4A45F /* SlotBrain.swift */,
				EA5689011A43990D004A8AB3 /* Factory.swift */,
				EA63D6B31A435DDA001B67BD /* Slot.swift */,
				EA908B6A1A41E5B000FD41A2 /* Main.storyboard */,
				EA908B6D1A41E5B000FD41A2 /* Images.xcassets */,
				EA908B6F1A41E5B000FD41A2 /* LaunchScreen.xib */,
				EA908B641A41E5B000FD41A2 /* Supporting Files */,
			);
			path = SlotMachine;
			sourceTree = "<group>";
		};
		EA908B641A41E5B000FD41A2 /* Supporting Files */ = {
			isa = PBXGroup;
			children = (
				EA908B651A41E5B000FD41A2 /* Info.plist */,
			);
			name = "Supporting Files";
			sourceTree = "<group>";
		};
		EA908B791A41E5B000FD41A2 /* SlotMachineTests */ = {
			isa = PBXGroup;
			children = (
				EA908B7C1A41E5B000FD41A2 /* SlotMachineTests.swift */,
				EA908B7A1A41E5B000FD41A2 /* Supporting Files */,
			);
			path = SlotMachineTests;
			sourceTree = "<group>";
		};
		EA908B7A1A41E5B000FD41A2 /* Supporting Files */ = {
			isa = PBXGroup;
			children = (
				EA908B7B1A41E5B000FD41A2 /* Info.plist */,
			);
			name = "Supporting Files";
			sourceTree = "<group>";
		};
/* End PBXGroup section */

/* Begin PBXNativeTarget section */
		EA908B601A41E5AF00FD41A2 /* SlotMachine */ = {
			isa = PBXNativeTarget;
			buildConfigurationList = EA908B801A41E5B000FD41A2 /* Build configuration list for PBXNativeTarget "SlotMachine" */;
			buildPhases = (
				EA908B5D1A41E5AF00FD41A2 /* Sources */,
				EA908B5E1A41E5AF00FD41A2 /* Frameworks */,
				EA908B5F1A41E5AF00FD41A2 /* Resources */,
			);
			buildRules = (
			);
			dependencies = (
			);
			name = SlotMachine;
			productName = SlotMachine;
			productReference = EA908B611A41E5B000FD41A2 /* SlotMachine.app */;
			productType = "com.apple.product-type.application";
		};
		EA908B751A41E5B000FD41A2 /* SlotMachineTests */ = {
			isa = PBXNativeTarget;
			buildConfigurationList = EA908B831A41E5B000FD41A2 /* Build configuration list for PBXNativeTarget "SlotMachineTests" */;
			buildPhases = (
				EA908B721A41E5B000FD41A2 /* Sources */,
				EA908B731A41E5B000FD41A2 /* Frameworks */,
				EA908B741A41E5B000FD41A2 /* Resources */,
			);
			buildRules = (
			);
			dependencies = (
				EA908B781A41E5B000FD41A2 /* PBXTargetDependency */,
			);
			name = SlotMachineTests;
			productName = SlotMachineTests;
			productReference = EA908B761A41E5B000FD41A2 /* SlotMachineTests.xctest */;
			productType = "com.apple.product-type.bundle.unit-test";
		};
/* End PBXNativeTarget section */

/* Begin PBXProject section */
		EA908B591A41E5AF00FD41A2 /* Project object */ = {
			isa = PBXProject;
			attributes = {
				LastUpgradeCheck = 0610;
				ORGANIZATIONNAME = "Antonio Caravaca Vega";
				TargetAttributes = {
					EA908B601A41E5AF00FD41A2 = {
						CreatedOnToolsVersion = 6.1.1;
					};
					EA908B751A41E5B000FD41A2 = {
						CreatedOnToolsVersion = 6.1.1;
						TestTargetID = EA908B601A41E5AF00FD41A2;
					};
				};
			};
			buildConfigurationList = EA908B5C1A41E5AF00FD41A2 /* Build configuration list for PBXProject "SlotMachine" */;
			compatibilityVersion = "Xcode 3.2";
			developmentRegion = English;
			hasScannedForEncodings = 0;
			knownRegions = (
				en,
				Base,
			);
			mainGroup = EA908B581A41E5AF00FD41A2;
			productRefGroup = EA908B621A41E5B000FD41A2 /* Products */;
			projectDirPath = "";
			projectRoot = "";
			targets = (
				EA908B601A41E5AF00FD41A2 /* SlotMachine */,
				EA908B751A41E5B000FD41A2 /* SlotMachineTests */,
			);
		};
/* End PBXProject section */

/* Begin PBXResourcesBuildPhase section */
		EA908B5F1A41E5AF00FD41A2 /* Resources */ = {
			isa = PBXResourcesBuildPhase;
			buildActionMask = 2147483647;
			files = (
				EA908B6C1A41E5B000FD41A2 /* Main.storyboard in Resources */,
				EA908B711A41E5B000FD41A2 /* LaunchScreen.xib in Resources */,
				EA908B6E1A41E5B000FD41A2 /* Images.xcassets in Resources */,
			);
			runOnlyForDeploymentPostprocessing = 0;
		};
		EA908B741A41E5B000FD41A2 /* Resources */ = {
			isa = PBXResourcesBuildPhase;
			buildActionMask = 2147483647;
			files = (
			);
			runOnlyForDeploymentPostprocessing = 0;
		};
/* End PBXResourcesBuildPhase section */

/* Begin PBXSourcesBuildPhase section */
		EA908B5D1A41E5AF00FD41A2 /* Sources */ = {
			isa = PBXSourcesBuildPhase;
			buildActionMask = 2147483647;
			files = (
				EA5689021A43990D004A8AB3 /* Factory.swift in Sources */,
				EA908B691A41E5B000FD41A2 /* ViewController.swift in Sources */,
				EA63D6B41A435DDA001B67BD /* Slot.swift in Sources */,
				EA908B671A41E5B000FD41A2 /* AppDelegate.swift in Sources */,
				EA248D521A66A84800E4A45F /* SlotBrain.swift in Sources */,
			);
			runOnlyForDeploymentPostprocessing = 0;
		};
		EA908B721A41E5B000FD41A2 /* Sources */ = {
			isa = PBXSourcesBuildPhase;
			buildActionMask = 2147483647;
			files = (
				EA908B7D1A41E5B000FD41A2 /* SlotMachineTests.swift in Sources */,
			);
			runOnlyForDeploymentPostprocessing = 0;
		};
/* End PBXSourcesBuildPhase section */

/* Begin PBXTargetDependency section */
		EA908B781A41E5B000FD41A2 /* PBXTargetDependency */ = {
			isa = PBXTargetDependency;
			target = EA908B601A41E5AF00FD41A2 /* SlotMachine */;
			targetProxy = EA908B771A41E5B000FD41A2 /* PBXContainerItemProxy */;
		};
/* End PBXTargetDependency section */

/* Begin PBXVariantGroup section */
		EA908B6A1A41E5B000FD41A2 /* Main.storyboard */ = {
			isa = PBXVariantGroup;
			children = (
				EA908B6B1A41E5B000FD41A2 /* Base */,
			);
			name = Main.storyboard;
			sourceTree = "<group>";
		};
		EA908B6F1A41E5B000FD41A2 /* LaunchScreen.xib */ = {
			isa = PBXVariantGroup;
			children = (
				EA908B701A41E5B000FD41A2 /* Base */,
			);
			name = LaunchScreen.xib;
			sourceTree = "<group>";
		};
/* End PBXVariantGroup section */

/* Begin XCBuildConfiguration section */
		EA908B7E1A41E5B000FD41A2 /* Debug */ = {
			isa = XCBuildConfiguration;
			buildSettings = {
				ALWAYS_SEARCH_USER_PATHS = NO;
				CLANG_CXX_LANGUAGE_STANDARD = "gnu++0x";
				CLANG_CXX_LIBRARY = "libc++";
				CLANG_ENABLE_MODULES = YES;
				CLANG_ENABLE_OBJC_ARC = YES;
				CLANG_WARN_BOOL_CONVERSION = YES;
				CLANG_WARN_CONSTANT_CONVERSION = YES;
				CLANG_WARN_DIRECT_OBJC_ISA_USAGE = YES_ERROR;
				CLANG_WARN_EMPTY_BODY = YES;
				CLANG_WARN_ENUM_CONVERSION = YES;
				CLANG_WARN_INT_CONVERSION = YES;
				CLANG_WARN_OBJC_ROOT_CLASS = YES_ERROR;
				CLANG_WARN_UNREACHABLE_CODE = YES;
				CLANG_WARN__DUPLICATE_METHOD_MATCH = YES;
				"CODE_SIGN_IDENTITY[sdk=iphoneos*]" = "iPhone Developer";
				COPY_PHASE_STRIP = NO;
				ENABLE_STRICT_OBJC_MSGSEND = YES;
				GCC_C_LANGUAGE_STANDARD = gnu99;
				GCC_DYNAMIC_NO_PIC = NO;
				GCC_OPTIMIZATION_LEVEL = 0;
				GCC_PREPROCESSOR_DEFINITIONS = (
					"DEBUG=1",
					"$(inherited)",
				);
				GCC_SYMBOLS_PRIVATE_EXTERN = NO;
				GCC_WARN_64_TO_32_BIT_CONVERSION = YES;
				GCC_WARN_ABOUT_RETURN_TYPE = YES_ERROR;
				GCC_WARN_UNDECLARED_SELECTOR = YES;
				GCC_WARN_UNINITIALIZED_AUTOS = YES_AGGRESSIVE;
				GCC_WARN_UNUSED_FUNCTION = YES;
				GCC_WARN_UNUSED_VARIABLE = YES;
				IPHONEOS_DEPLOYMENT_TARGET = 8.1;
				MTL_ENABLE_DEBUG_INFO = YES;
				ONLY_ACTIVE_ARCH = YES;
				SDKROOT = iphoneos;
				SWIFT_OPTIMIZATION_LEVEL = "-Onone";
				TARGETED_DEVICE_FAMILY = "1,2";
			};
			name = Debug;
		};
		EA908B7F1A41E5B000FD41A2 /* Release */ = {
			isa = XCBuildConfiguration;
			buildSettings = {
				ALWAYS_SEARCH_USER_PATHS = NO;
				CLANG_CXX_LANGUAGE_STANDARD = "gnu++0x";
				CLANG_CXX_LIBRARY = "libc++";
				CLANG_ENABLE_MODULES = YES;
				CLANG_ENABLE_OBJC_ARC = YES;
				CLANG_WARN_BOOL_CONVERSION = YES;
				CLANG_WARN_CONSTANT_CONVERSION = YES;
				CLANG_WARN_DIRECT_OBJC_ISA_USAGE = YES_ERROR;
				CLANG_WARN_EMPTY_BODY = YES;
				CLANG_WARN_ENUM_CONVERSION = YES;
				CLANG_WARN_INT_CONVERSION = YES;
				CLANG_WARN_OBJC_ROOT_CLASS = YES_ERROR;
				CLANG_WARN_UNREACHABLE_CODE = YES;
				CLANG_WARN__DUPLICATE_METHOD_MATCH = YES;
				"CODE_SIGN_IDENTITY[sdk=iphoneos*]" = "iPhone Developer";
				COPY_PHASE_STRIP = YES;
				ENABLE_NS_ASSERTIONS = NO;
				ENABLE_STRICT_OBJC_MSGSEND = YES;
				GCC_C_LANGUAGE_STANDARD = gnu99;
				GCC_WARN_64_TO_32_BIT_CONVERSION = YES;
				GCC_WARN_ABOUT_RETURN_TYPE = YES_ERROR;
				GCC_WARN_UNDECLARED_SELECTOR = YES;
				GCC_WARN_UNINITIALIZED_AUTOS = YES_AGGRESSIVE;
				GCC_WARN_UNUSED_FUNCTION = YES;
				GCC_WARN_UNUSED_VARIABLE = YES;
				IPHONEOS_DEPLOYMENT_TARGET = 8.1;
				MTL_ENABLE_DEBUG_INFO = NO;
				SDKROOT = iphoneos;
				TARGETED_DEVICE_FAMILY = "1,2";
				VALIDATE_PRODUCT = YES;
			};
			name = Release;
		};
		EA908B811A41E5B000FD41A2 /* Debug */ = {
			isa = XCBuildConfiguration;
			buildSettings = {
				ASSETCATALOG_COMPILER_APPICON_NAME = AppIcon;
				INFOPLIST_FILE = SlotMachine/Info.plist;
				LD_RUNPATH_SEARCH_PATHS = "$(inherited) @executable_path/Frameworks";
				PRODUCT_NAME = "$(TARGET_NAME)";
			};
			name = Debug;
		};
		EA908B821A41E5B000FD41A2 /* Release */ = {
			isa = XCBuildConfiguration;
			buildSettings = {
				ASSETCATALOG_COMPILER_APPICON_NAME = AppIcon;
				INFOPLIST_FILE = SlotMachine/Info.plist;
				LD_RUNPATH_SEARCH_PATHS = "$(inherited) @executable_path/Frameworks";
				PRODUCT_NAME = "$(TARGET_NAME)";
			};
			name = Release;
		};
		EA908B841A41E5B000FD41A2 /* Debug */ = {
			isa = XCBuildConfiguration;
			buildSettings = {
				BUNDLE_LOADER = "$(TEST_HOST)";
				FRAMEWORK_SEARCH_PATHS = (
					"$(SDKROOT)/Developer/Library/Frameworks",
					"$(inherited)",
				);
				GCC_PREPROCESSOR_DEFINITIONS = (
					"DEBUG=1",
					"$(inherited)",
				);
				INFOPLIST_FILE = SlotMachineTests/Info.plist;
				LD_RUNPATH_SEARCH_PATHS = "$(inherited) @executable_path/Frameworks @loader_path/Frameworks";
				PRODUCT_NAME = "$(TARGET_NAME)";
				TEST_HOST = "$(BUILT_PRODUCTS_DIR)/SlotMachine.app/SlotMachine";
			};
			name = Debug;
		};
		EA908B851A41E5B000FD41A2 /* Release */ = {
			isa = XCBuildConfiguration;
			buildSettings = {
				BUNDLE_LOADER = "$(TEST_HOST)";
				FRAMEWORK_SEARCH_PATHS = (
					"$(SDKROOT)/Developer/Library/Frameworks",
					"$(inherited)",
				);
				INFOPLIST_FILE = SlotMachineTests/Info.plist;
				LD_RUNPATH_SEARCH_PATHS = "$(inherited) @executable_path/Frameworks @loader_path/Frameworks";
				PRODUCT_NAME = "$(TARGET_NAME)";
				TEST_HOST = "$(BUILT_PRODUCTS_DIR)/SlotMachine.app/SlotMachine";
			};
			name = Release;
		};
/* End XCBuildConfiguration section */

/* Begin XCConfigurationList section */
		EA908B5C1A41E5AF00FD41A2 /* Build configuration list for PBXProject "SlotMachine" */ = {
			isa = XCConfigurationList;
			buildConfigurations = (
				EA908B7E1A41E5B000FD41A2 /* Debug */,
				EA908B7F1A41E5B000FD41A2 /* Release */,
			);
			defaultConfigurationIsVisible = 0;
			defaultConfigurationName = Release;
		};
		EA908B801A41E5B000FD41A2 /* Build configuration list for PBXNativeTarget "SlotMachine" */ = {
			isa = XCConfigurationList;
			buildConfigurations = (
				EA908B811A41E5B000FD41A2 /* Debug */,
				EA908B821A41E5B000FD41A2 /* Release */,
			);
			defaultConfigurationIsVisible = 0;
			defaultConfigurationName = Release;
		};
		EA908B831A41E5B000FD41A2 /* Build configuration list for PBXNativeTarget "SlotMachineTests" */ = {
			isa = XCConfigurationList;
			buildConfigurations = (
				EA908B841A41E5B000FD41A2 /* Debug */,
				EA908B851A41E5B000FD41A2 /* Release */,
			);
			defaultConfigurationIsVisible = 0;
			defaultConfigurationName = Release;
		};
/* End XCConfigurationList section */
	};
	rootObject = EA908B591A41E5AF00FD41A2 /* Project object */;
}
